
Microsoft Visual Studio Solution File, Format Version 12.00
# Visual Studio 14
VisualStudioVersion = 14.0.24720.0
MinimumVisualStudioVersion = 10.0.40219.1
Project("{FAE04EC0-301F-11D3-BF4B-00C04F79EFBC}") = "ADConnexion", "Connection AD\ADConnexion.csproj", "{C2AE210A-0ED9-4D86-BF2E-5C5B0CA841BD}"
EndProject
Global
	GlobalSection(SolutionConfigurationPlatforms) = preSolution
		Debug|Any CPU = Debug|Any CPU
		Release|Any CPU = Release|Any CPU
	EndGlobalSection
	GlobalSection(ProjectConfigurationPlatforms) = postSolution
		{C2AE210A-0ED9-4D86-BF2E-5C5B0CA841BD}.Debug|Any CPU.ActiveCfg = Debug|Any CPU
		{C2AE210A-0ED9-4D86-BF2E-5C5B0CA841BD}.Debug|Any CPU.Build.0 = Debug|Any CPU
		{C2AE210A-0ED9-4D86-BF2E-5C5B0CA841BD}.Release|Any CPU.ActiveCfg = Release|Any CPU
		{C2AE210A-0ED9-4D86-BF2E-5C5B0CA841BD}.Release|Any CPU.Build.0 = Release|Any CPU
	EndGlobalSection
	GlobalSection(SolutionProperties) = preSolution
		HideSolutionNode = FALSE
	EndGlobalSection
EndGlobal
